
Microsoft Visual Studio Solution File, Format Version 12.00
# Visual Studio Version 16
VisualStudioVersion = 16.0.33027.164
MinimumVisualStudioVersion = 10.0.40219.1
Project("{FAE04EC0-301F-11D3-BF4B-00C04F79EFBC}") = "AzureNotificationApp.Android", "AzureNotificationApp.Android\AzureNotificationApp.Android.csproj", "{6E896FB1-33B7-4F78-93D0-88892E49DB75}"
EndProject
Project("{FAE04EC0-301F-11D3-BF4B-00C04F79EFBC}") = "AzureNotificationApp.iOS", "AzureNotificationApp.iOS\AzureNotificationApp.iOS.csproj", "{09034492-322C-477C-83D8-9BC0206D850D}"
EndProject
Project("{9A19103F-16F7-4668-BE54-9A1E7A4F7556}") = "AzureNotificationApp", "AzureNotificationApp\AzureNotificationApp.csproj", "{E569B5C8-DB05-45CE-8605-15966B137F86}"
EndProject
Global
	GlobalSection(SolutionConfigurationPlatforms) = preSolution
		Debug|Any CPU = Debug|Any CPU
		Debug|iPhone = Debug|iPhone
		Debug|iPhoneSimulator = Debug|iPhoneSimulator
		Release|Any CPU = Release|Any CPU
		Release|iPhone = Release|iPhone
		Release|iPhoneSimulator = Release|iPhoneSimulator
	EndGlobalSection
	GlobalSection(ProjectConfigurationPlatforms) = postSolution
		{6E896FB1-33B7-4F78-93D0-88892E49DB75}.Debug|Any CPU.ActiveCfg = Debug|Any CPU
		{6E896FB1-33B7-4F78-93D0-88892E49DB75}.Debug|Any CPU.Build.0 = Debug|Any CPU
		{6E896FB1-33B7-4F78-93D0-88892E49DB75}.Debug|Any CPU.Deploy.0 = Debug|Any CPU
		{6E896FB1-33B7-4F78-93D0-88892E49DB75}.Debug|iPhone.ActiveCfg = Debug|Any CPU
		{6E896FB1-33B7-4F78-93D0-88892E49DB75}.Debug|iPhone.Build.0 = Debug|Any CPU
		{6E896FB1-33B7-4F78-93D0-88892E49DB75}.Debug|iPhone.Deploy.0 = Debug|Any CPU
		{6E896FB1-33B7-4F78-93D0-88892E49DB75}.Debug|iPhoneSimulator.ActiveCfg = Debug|Any CPU
		{6E896FB1-33B7-4F78-93D0-88892E49DB75}.Debug|iPhoneSimulator.Build.0 = Debug|Any CPU
		{6E896FB1-33B7-4F78-93D0-88892E49DB75}.Debug|iPhoneSimulator.Deploy.0 = Debug|Any CPU
		{6E896FB1-33B7-4F78-93D0-88892E49DB75}.Release|Any CPU.ActiveCfg = Release|Any CPU
		{6E896FB1-33B7-4F78-93D0-88892E49DB75}.Release|Any CPU.Build.0 = Release|Any CPU
		{6E896FB1-33B7-4F78-93D0-88892E49DB75}.Release|Any CPU.Deploy.0 = Release|Any CPU
		{6E896FB1-33B7-4F78-93D0-88892E49DB75}.Release|iPhone.ActiveCfg = Release|Any CPU
		{6E896FB1-33B7-4F78-93D0-88892E49DB75}.Release|iPhone.Build.0 = Release|Any CPU
		{6E896FB1-33B7-4F78-93D0-88892E49DB75}.Release|iPhone.Deploy.0 = Release|Any CPU
		{6E896FB1-33B7-4F78-93D0-88892E49DB75}.Release|iPhoneSimulator.ActiveCfg = Release|Any CPU
		{6E896FB1-33B7-4F78-93D0-88892E49DB75}.Release|iPhoneSimulator.Build.0 = Release|Any CPU
		{6E896FB1-33B7-4F78-93D0-88892E49DB75}.Release|iPhoneSimulator.Deploy.0 = Release|Any CPU
		{09034492-322C-477C-83D8-9BC0206D850D}.Debug|Any CPU.ActiveCfg = Debug|iPhone
		{09034492-322C-477C-83D8-9BC0206D850D}.Debug|Any CPU.Build.0 = Debug|iPhone
		{09034492-322C-477C-83D8-9BC0206D850D}.Debug|Any CPU.Deploy.0 = Debug|iPhone
		{09034492-322C-477C-83D8-9BC0206D850D}.Debug|iPhone.ActiveCfg = Debug|iPhone
		{09034492-322C-477C-83D8-9BC0206D850D}.Debug|iPhone.Build.0 = Debug|iPhone
		{09034492-322C-477C-83D8-9BC0206D850D}.Debug|iPhone.Deploy.0 = Debug|iPhone
		{09034492-322C-477C-83D8-9BC0206D850D}.Debug|iPhoneSimulator.ActiveCfg = Debug|iPhoneSimulator
		{09034492-322C-477C-83D8-9BC0206D850D}.Debug|iPhoneSimulator.Build.0 = Debug|iPhoneSimulator
		{09034492-322C-477C-83D8-9BC0206D850D}.Debug|iPhoneSimulator.Deploy.0 = Debug|iPhoneSimulator
		{09034492-322C-477C-83D8-9BC0206D850D}.Release|Any CPU.ActiveCfg = Release|iPhoneSimulator
		{09034492-322C-477C-83D8-9BC0206D850D}.Release|Any CPU.Build.0 = Release|iPhoneSimulator
		{09034492-322C-477C-83D8-9BC0206D850D}.Release|Any CPU.Deploy.0 = Release|iPhoneSimulator
		{09034492-322C-477C-83D8-9BC0206D850D}.Release|iPhone.ActiveCfg = Release|iPhone
		{09034492-322C-477C-83D8-9BC0206D850D}.Release|iPhone.Build.0 = Release|iPhone
		{09034492-322C-477C-83D8-9BC0206D850D}.Release|iPhone.Deploy.0 = Release|iPhone
		{09034492-322C-477C-83D8-9BC0206D850D}.Release|iPhoneSimulator.ActiveCfg = Release|iPhoneSimulator
		{09034492-322C-477C-83D8-9BC0206D850D}.Release|iPhoneSimulator.Build.0 = Release|iPhoneSimulator
		{09034492-322C-477C-83D8-9BC0206D850D}.Release|iPhoneSimulator.Deploy.0 = Release|iPhoneSimulator
		{E569B5C8-DB05-45CE-8605-15966B137F86}.Debug|Any CPU.ActiveCfg = Debug|Any CPU
		{E569B5C8-DB05-45CE-8605-15966B137F86}.Debug|Any CPU.Build.0 = Debug|Any CPU
		{E569B5C8-DB05-45CE-8605-15966B137F86}.Debug|Any CPU.Deploy.0 = Debug|Any CPU
		{E569B5C8-DB05-45CE-8605-15966B137F86}.Debug|iPhone.ActiveCfg = Debug|Any CPU
		{E569B5C8-DB05-45CE-8605-15966B137F86}.Debug|iPhone.Build.0 = Debug|Any CPU
		{E569B5C8-DB05-45CE-8605-15966B137F86}.Debug|iPhone.Deploy.0 = Debug|Any CPU
		{E569B5C8-DB05-45CE-8605-15966B137F86}.Debug|iPhoneSimulator.ActiveCfg = Debug|Any CPU
		{E569B5C8-DB05-45CE-8605-15966B137F86}.Debug|iPhoneSimulator.Build.0 = Debug|Any CPU
		{E569B5C8-DB05-45CE-8605-15966B137F86}.Debug|iPhoneSimulator.Deploy.0 = Debug|Any CPU
		{E569B5C8-DB05-45CE-8605-15966B137F86}.Release|Any CPU.ActiveCfg = Release|Any CPU
		{E569B5C8-DB05-45CE-8605-15966B137F86}.Release|Any CPU.Build.0 = Release|Any CPU
		{E569B5C8-DB05-45CE-8605-15966B137F86}.Release|Any CPU.Deploy.0 = Release|Any CPU
		{E569B5C8-DB05-45CE-8605-15966B137F86}.Release|iPhone.ActiveCfg = Release|Any CPU
		{E569B5C8-DB05-45CE-8605-15966B137F86}.Release|iPhone.Build.0 = Release|Any CPU
		{E569B5C8-DB05-45CE-8605-15966B137F86}.Release|iPhone.Deploy.0 = Release|Any CPU
		{E569B5C8-DB05-45CE-8605-15966B137F86}.Release|iPhoneSimulator.ActiveCfg = Release|Any CPU
		{E569B5C8-DB05-45CE-8605-15966B137F86}.Release|iPhoneSimulator.Build.0 = Release|Any CPU
		{E569B5C8-DB05-45CE-8605-15966B137F86}.Release|iPhoneSimulator.Deploy.0 = Release|Any CPU
	EndGlobalSection
	GlobalSection(SolutionProperties) = preSolution
		HideSolutionNode = FALSE
	EndGlobalSection
	GlobalSection(ExtensibilityGlobals) = postSolution
		SolutionGuid = {56545B62-1C62-43EE-B3CE-0F4A696DC0A8}
	EndGlobalSection
EndGlobal
